{
  "name": "msg",
  "lockfileVersion": 3,
  "requires": true,
  "packages": {
    "": {
      "dependencies": {
        "messageformat": "4.0.0-10"
      },
      "devDependencies": {
        "@types/typescript": "^0.4.29",
        "typescript": "^5.9.2"
      }
    },
    "node_modules/@types/typescript": {
      "version": "0.4.29",
      "resolved": "https://registry.npmjs.org/@types/typescript/-/typescript-0.4.29.tgz",
      "integrity": "sha512-xNMrowAG/I8ONu0ggJsqVNR2G2usn1aCkf8cWnzAPG/W4tTQH9PaVyizf7164cevBMAgv81t2qEETehj+N37Rw==",
      "dev": true,
      "license": "MIT"
    },
    "node_modules/messageformat": {
      "version": "4.0.0-10",
      "resolved": "https://registry.npmjs.org/messageformat/-/messageformat-4.0.0-10.tgz",
      "integrity": "sha512-yzGCa7Y6qmZ8zeNxEvlNRrTWsW0zABsSOEOtDjaSOvFWYUJxXsOetG8+S41P7LUmVUZixjCk7l3j5zI9zyZHkQ==",
      "license": "Apache-2.0"
    },
    "node_modules/typescript": {
      "version": "5.9.2",
      "resolved": "https://registry.npmjs.org/typescript/-/typescript-5.9.2.tgz",
      "integrity": "sha512-CWBzXQrc/qOkhidw1OzBTQuYRbfyxDXJMVJ1XNwUHGROVmuaeiEm3OslpZ1RV96d7SKKjZKrSJu3+t/xlw3R9A==",
      "dev": true,
      "license": "Apache-2.0",
      "bin": {
        "tsc": "bin/tsc",
        "tsserver": "bin/tsserver"
      },
      "engines": {
        "node": ">=14.17"
      }
    }
  }
}
